
Microsoft Visual Studio Solution File, Format Version 12.00
# Visual Studio Version 17
VisualStudioVersion = 17.1.32319.34
MinimumVisualStudioVersion = 10.0.40219.1
Project("{2150E333-8FDC-42A3-9474-1A3956D46DE8}") = "src", "src", "{34FD9479-2464-4A0A-81B5-97B134E36015}"
EndProject
Project("{2150E333-8FDC-42A3-9474-1A3956D46DE8}") = "tst", "tst", "{D7F94E96-E059-48F0-AEB7-8E4EC03384C3}"
EndProject
Project("{9A19103F-16F7-4668-BE54-9A1E7A4F7556}") = "MCB.Core.Infra.CrossCutting.DesignPatterns.Abstractions", "src\MCB.Core.Infra.CrossCutting.DesignPatterns.Abstractions\MCB.Core.Infra.CrossCutting.DesignPatterns.Abstractions.csproj", "{7877707A-64A2-4BCB-88D2-75EA697C14FF}"
EndProject
Project("{9A19103F-16F7-4668-BE54-9A1E7A4F7556}") = "MCB.Core.Infra.CrossCutting.DesignPatterns.Abstractions.Tests", "tst\MCB.Core.Infra.CrossCutting.DesignPatterns.Abstractions.Tests\MCB.Core.Infra.CrossCutting.DesignPatterns.Abstractions.Tests.csproj", "{48270EDB-9F42-42B4-9BC7-42D3C89F22B1}"
EndProject
Project("{2150E333-8FDC-42A3-9474-1A3956D46DE8}") = "Solution Items", "Solution Items", "{C9ECB638-B63E-4DF3-B8AF-7D1C969D8C2D}"
	ProjectSection(SolutionItems) = preProject
		.github\workflows\build-and-test.yml = .github\workflows\build-and-test.yml
		.github\workflows\pack-and-publish.yml = .github\workflows\pack-and-publish.yml
		README.md = README.md
	EndProjectSection
EndProject
Global
	GlobalSection(SolutionConfigurationPlatforms) = preSolution
		Debug|Any CPU = Debug|Any CPU
		Release|Any CPU = Release|Any CPU
	EndGlobalSection
	GlobalSection(ProjectConfigurationPlatforms) = postSolution
		{7877707A-64A2-4BCB-88D2-75EA697C14FF}.Debug|Any CPU.ActiveCfg = Debug|Any CPU
		{7877707A-64A2-4BCB-88D2-75EA697C14FF}.Debug|Any CPU.Build.0 = Debug|Any CPU
		{7877707A-64A2-4BCB-88D2-75EA697C14FF}.Release|Any CPU.ActiveCfg = Release|Any CPU
		{7877707A-64A2-4BCB-88D2-75EA697C14FF}.Release|Any CPU.Build.0 = Release|Any CPU
		{48270EDB-9F42-42B4-9BC7-42D3C89F22B1}.Debug|Any CPU.ActiveCfg = Debug|Any CPU
		{48270EDB-9F42-42B4-9BC7-42D3C89F22B1}.Debug|Any CPU.Build.0 = Debug|Any CPU
		{48270EDB-9F42-42B4-9BC7-42D3C89F22B1}.Release|Any CPU.ActiveCfg = Release|Any CPU
		{48270EDB-9F42-42B4-9BC7-42D3C89F22B1}.Release|Any CPU.Build.0 = Release|Any CPU
	EndGlobalSection
	GlobalSection(SolutionProperties) = preSolution
		HideSolutionNode = FALSE
	EndGlobalSection
	GlobalSection(NestedProjects) = preSolution
		{7877707A-64A2-4BCB-88D2-75EA697C14FF} = {34FD9479-2464-4A0A-81B5-97B134E36015}
		{48270EDB-9F42-42B4-9BC7-42D3C89F22B1} = {D7F94E96-E059-48F0-AEB7-8E4EC03384C3}
	EndGlobalSection
	GlobalSection(ExtensibilityGlobals) = postSolution
		SolutionGuid = {A04E8D9A-79F2-42B8-9196-9D7C1EA99FB0}
	EndGlobalSection
EndGlobal
